{
	"name": "commitlint-config-norton",
	"version": "0.2.1",
	"lockfileVersion": 1,
	"requires": true,
	"dependencies": {
		"@commitlint/config-conventional": {
			"version": "7.6.0",
			"resolved": "https://registry.npmjs.org/@commitlint/config-conventional/-/config-conventional-7.6.0.tgz",
			"integrity": "sha512-1Gnv5p3tc1VsEK25oTIRBO86czLtX6s/jeLNPAQRzdCnyEmsxkbx/sfoUJ1dwv7v8W++xckVnnuvdZv2Hp8yCw=="
		}
	}
}
