{
  "name": "commitlint-config-ebook",
  "version": "0.2.0",
  "lockfileVersion": 1,
  "requires": true,
  "dependencies": {
    "@commitlint/config-conventional": {
      "version": "7.0.1",
      "resolved": "http://npm.wwnorton.com:4873/@commitlint%2fconfig-conventional/-/config-conventional-7.0.1.tgz",
      "integrity": "sha1-J2l3+O5g2MVtf91DKWr3bf7ptfc="
    }
  }
}
